
Microsoft Visual Studio Solution File, Format Version 12.00
Project("{FAE04EC0-301F-11D3-BF4B-00C04F79EFBC}") = "BattleShip", "BattleShip\BattleShip.csproj", "{A6772C13-5DB2-4FFA-B02C-4DC2DAB8A995}"
EndProject
Project("{FAE04EC0-301F-11D3-BF4B-00C04F79EFBC}") = "SomeTest", "SomeTest\SomeTest.csproj", "{EEB57B62-4552-4562-8C43-2BD711F5AB7C}"
EndProject
Global
	GlobalSection(SolutionConfigurationPlatforms) = preSolution
		Debug|Any CPU = Debug|Any CPU
		Release|Any CPU = Release|Any CPU
	EndGlobalSection
	GlobalSection(ProjectConfigurationPlatforms) = postSolution
		{A6772C13-5DB2-4FFA-B02C-4DC2DAB8A995}.Debug|Any CPU.ActiveCfg = Debug|Any CPU
		{A6772C13-5DB2-4FFA-B02C-4DC2DAB8A995}.Debug|Any CPU.Build.0 = Debug|Any CPU
		{A6772C13-5DB2-4FFA-B02C-4DC2DAB8A995}.Release|Any CPU.ActiveCfg = Release|Any CPU
		{A6772C13-5DB2-4FFA-B02C-4DC2DAB8A995}.Release|Any CPU.Build.0 = Release|Any CPU
		{EEB57B62-4552-4562-8C43-2BD711F5AB7C}.Debug|Any CPU.ActiveCfg = Debug|Any CPU
		{EEB57B62-4552-4562-8C43-2BD711F5AB7C}.Debug|Any CPU.Build.0 = Debug|Any CPU
		{EEB57B62-4552-4562-8C43-2BD711F5AB7C}.Release|Any CPU.ActiveCfg = Release|Any CPU
		{EEB57B62-4552-4562-8C43-2BD711F5AB7C}.Release|Any CPU.Build.0 = Release|Any CPU
	EndGlobalSection
EndGlobal
